
Microsoft Visual Studio Solution File, Format Version 12.00
# Visual Studio Version 17
VisualStudioVersion = 17.0.31903.59
MinimumVisualStudioVersion = 10.0.40219.1
Project("{2150E333-8FDC-42A3-9474-1A3956D46DE8}") = "src", "src", "{FFA5D585-30E9-4386-90A9-40B625A9ED97}"
EndProject
Project("{9A19103F-16F7-4668-BE54-9A1E7A4F7556}") = "Xpto.Api", "src\Xpto.Api\Xpto.Api.csproj", "{AC2C4237-F0D1-426B-AA8D-1FF8BB1FACB3}"
EndProject
Project("{9A19103F-16F7-4668-BE54-9A1E7A4F7556}") = "Xpto.Domain", "src\Xpto.Domain\Xpto.Domain.csproj", "{DA77CEFA-23FE-41C4-91C0-64AF41C0FFE2}"
EndProject
Project("{9A19103F-16F7-4668-BE54-9A1E7A4F7556}") = "Xpto.Repository", "src\Xpto.Repository\Xpto.Repository.csproj", "{AB8ED758-D897-42DE-9004-FB88F72B9EC8}"
EndProject
Project("{9A19103F-16F7-4668-BE54-9A1E7A4F7556}") = "Xpto.Application", "src\Xpto.Application\Xpto.Application.csproj", "{A57B3E8C-F5E1-4C0E-85DA-BEB4FBF177FF}"
EndProject
Project("{9A19103F-16F7-4668-BE54-9A1E7A4F7556}") = "Xpto.Communication", "src\Xpto.Communication\Xpto.Communication.csproj", "{4B4EBF1B-EF03-4425-8C56-1645954E362E}"
EndProject
Project("{2150E333-8FDC-42A3-9474-1A3956D46DE8}") = "building blocks", "building blocks", "{94FF8775-932F-46BD-B3D5-49FAD4ACEE39}"
EndProject
Project("{9A19103F-16F7-4668-BE54-9A1E7A4F7556}") = "Xpto.Core", "src\Xpto.Core\Xpto.Core.csproj", "{76681FBC-F4DA-41CB-BC19-B67E2BAE0686}"
EndProject
Project("{9A19103F-16F7-4668-BE54-9A1E7A4F7556}") = "Xpto.Infra.Database", "src\Xpto.Infra.Database\Xpto.Infra.Database.csproj", "{A5E28E9B-6C65-43C7-85CF-7B34CBF05499}"
EndProject
Project("{9A19103F-16F7-4668-BE54-9A1E7A4F7556}") = "Xpto.Shared", "src\Xpto.Shared\Xpto.Shared.csproj", "{DB66BF86-9F57-4D49-AA15-F178ADD9A8FD}"
EndProject
Project("{2150E333-8FDC-42A3-9474-1A3956D46DE8}") = "assets", "assets", "{903F9938-9EA7-48B8-B1BB-8F540201AB8A}"
	ProjectSection(SolutionItems) = preProject
		docker-compose.yml = docker-compose.yml
	EndProjectSection
EndProject
Project("{2150E333-8FDC-42A3-9474-1A3956D46DE8}") = "tests", "tests", "{5E71867A-86C8-4F64-98E0-B74CE4F5CF9B}"
EndProject
Project("{FAE04EC0-301F-11D3-BF4B-00C04F79EFBC}") = "Xpto.Tests", "tests\Xpto.Tests\Xpto.Tests.csproj", "{7802827A-EC3A-4595-B23F-D404AEE0AA9E}"
EndProject
Global
	GlobalSection(SolutionConfigurationPlatforms) = preSolution
		Debug|Any CPU = Debug|Any CPU
		Release|Any CPU = Release|Any CPU
	EndGlobalSection
	GlobalSection(ProjectConfigurationPlatforms) = postSolution
		{AC2C4237-F0D1-426B-AA8D-1FF8BB1FACB3}.Debug|Any CPU.ActiveCfg = Debug|Any CPU
		{AC2C4237-F0D1-426B-AA8D-1FF8BB1FACB3}.Debug|Any CPU.Build.0 = Debug|Any CPU
		{AC2C4237-F0D1-426B-AA8D-1FF8BB1FACB3}.Release|Any CPU.ActiveCfg = Release|Any CPU
		{AC2C4237-F0D1-426B-AA8D-1FF8BB1FACB3}.Release|Any CPU.Build.0 = Release|Any CPU
		{DA77CEFA-23FE-41C4-91C0-64AF41C0FFE2}.Debug|Any CPU.ActiveCfg = Debug|Any CPU
		{DA77CEFA-23FE-41C4-91C0-64AF41C0FFE2}.Debug|Any CPU.Build.0 = Debug|Any CPU
		{DA77CEFA-23FE-41C4-91C0-64AF41C0FFE2}.Release|Any CPU.ActiveCfg = Release|Any CPU
		{DA77CEFA-23FE-41C4-91C0-64AF41C0FFE2}.Release|Any CPU.Build.0 = Release|Any CPU
		{AB8ED758-D897-42DE-9004-FB88F72B9EC8}.Debug|Any CPU.ActiveCfg = Debug|Any CPU
		{AB8ED758-D897-42DE-9004-FB88F72B9EC8}.Debug|Any CPU.Build.0 = Debug|Any CPU
		{AB8ED758-D897-42DE-9004-FB88F72B9EC8}.Release|Any CPU.ActiveCfg = Release|Any CPU
		{AB8ED758-D897-42DE-9004-FB88F72B9EC8}.Release|Any CPU.Build.0 = Release|Any CPU
		{A57B3E8C-F5E1-4C0E-85DA-BEB4FBF177FF}.Debug|Any CPU.ActiveCfg = Debug|Any CPU
		{A57B3E8C-F5E1-4C0E-85DA-BEB4FBF177FF}.Debug|Any CPU.Build.0 = Debug|Any CPU
		{A57B3E8C-F5E1-4C0E-85DA-BEB4FBF177FF}.Release|Any CPU.ActiveCfg = Release|Any CPU
		{A57B3E8C-F5E1-4C0E-85DA-BEB4FBF177FF}.Release|Any CPU.Build.0 = Release|Any CPU
		{4B4EBF1B-EF03-4425-8C56-1645954E362E}.Debug|Any CPU.ActiveCfg = Debug|Any CPU
		{4B4EBF1B-EF03-4425-8C56-1645954E362E}.Debug|Any CPU.Build.0 = Debug|Any CPU
		{4B4EBF1B-EF03-4425-8C56-1645954E362E}.Release|Any CPU.ActiveCfg = Release|Any CPU
		{4B4EBF1B-EF03-4425-8C56-1645954E362E}.Release|Any CPU.Build.0 = Release|Any CPU
		{76681FBC-F4DA-41CB-BC19-B67E2BAE0686}.Debug|Any CPU.ActiveCfg = Debug|Any CPU
		{76681FBC-F4DA-41CB-BC19-B67E2BAE0686}.Debug|Any CPU.Build.0 = Debug|Any CPU
		{76681FBC-F4DA-41CB-BC19-B67E2BAE0686}.Release|Any CPU.ActiveCfg = Release|Any CPU
		{76681FBC-F4DA-41CB-BC19-B67E2BAE0686}.Release|Any CPU.Build.0 = Release|Any CPU
		{A5E28E9B-6C65-43C7-85CF-7B34CBF05499}.Debug|Any CPU.ActiveCfg = Debug|Any CPU
		{A5E28E9B-6C65-43C7-85CF-7B34CBF05499}.Debug|Any CPU.Build.0 = Debug|Any CPU
		{A5E28E9B-6C65-43C7-85CF-7B34CBF05499}.Release|Any CPU.ActiveCfg = Release|Any CPU
		{A5E28E9B-6C65-43C7-85CF-7B34CBF05499}.Release|Any CPU.Build.0 = Release|Any CPU
		{DB66BF86-9F57-4D49-AA15-F178ADD9A8FD}.Debug|Any CPU.ActiveCfg = Debug|Any CPU
		{DB66BF86-9F57-4D49-AA15-F178ADD9A8FD}.Debug|Any CPU.Build.0 = Debug|Any CPU
		{DB66BF86-9F57-4D49-AA15-F178ADD9A8FD}.Release|Any CPU.ActiveCfg = Release|Any CPU
		{DB66BF86-9F57-4D49-AA15-F178ADD9A8FD}.Release|Any CPU.Build.0 = Release|Any CPU
		{7802827A-EC3A-4595-B23F-D404AEE0AA9E}.Debug|Any CPU.ActiveCfg = Debug|Any CPU
		{7802827A-EC3A-4595-B23F-D404AEE0AA9E}.Debug|Any CPU.Build.0 = Debug|Any CPU
		{7802827A-EC3A-4595-B23F-D404AEE0AA9E}.Release|Any CPU.ActiveCfg = Release|Any CPU
		{7802827A-EC3A-4595-B23F-D404AEE0AA9E}.Release|Any CPU.Build.0 = Release|Any CPU
	EndGlobalSection
	GlobalSection(SolutionProperties) = preSolution
		HideSolutionNode = FALSE
	EndGlobalSection
	GlobalSection(NestedProjects) = preSolution
		{AC2C4237-F0D1-426B-AA8D-1FF8BB1FACB3} = {FFA5D585-30E9-4386-90A9-40B625A9ED97}
		{DA77CEFA-23FE-41C4-91C0-64AF41C0FFE2} = {FFA5D585-30E9-4386-90A9-40B625A9ED97}
		{AB8ED758-D897-42DE-9004-FB88F72B9EC8} = {FFA5D585-30E9-4386-90A9-40B625A9ED97}
		{A57B3E8C-F5E1-4C0E-85DA-BEB4FBF177FF} = {FFA5D585-30E9-4386-90A9-40B625A9ED97}
		{4B4EBF1B-EF03-4425-8C56-1645954E362E} = {FFA5D585-30E9-4386-90A9-40B625A9ED97}
		{76681FBC-F4DA-41CB-BC19-B67E2BAE0686} = {94FF8775-932F-46BD-B3D5-49FAD4ACEE39}
		{A5E28E9B-6C65-43C7-85CF-7B34CBF05499} = {94FF8775-932F-46BD-B3D5-49FAD4ACEE39}
		{DB66BF86-9F57-4D49-AA15-F178ADD9A8FD} = {94FF8775-932F-46BD-B3D5-49FAD4ACEE39}
		{7802827A-EC3A-4595-B23F-D404AEE0AA9E} = {5E71867A-86C8-4F64-98E0-B74CE4F5CF9B}
	EndGlobalSection
	GlobalSection(ExtensibilityGlobals) = postSolution
		SolutionGuid = {B3B3F07B-8832-4020-B0A2-49F7BF36FBF5}
	EndGlobalSection
EndGlobal
